
Microsoft Visual Studio Solution File, Format Version 12.00
# Visual Studio Version 16
VisualStudioVersion = 16.0.30621.155
MinimumVisualStudioVersion = 10.0.40219.1
Project("{FAE04EC0-301F-11D3-BF4B-00C04F79EFBC}") = "HighScores", "HighScores\HighScores.csproj", "{FB02AF5E-3144-467C-BF46-F6E25E8767B0}"
EndProject
Global
	GlobalSection(SolutionConfigurationPlatforms) = preSolution
		Debug|Any CPU = Debug|Any CPU
		Release|Any CPU = Release|Any CPU
	EndGlobalSection
	GlobalSection(ProjectConfigurationPlatforms) = postSolution
		{FB02AF5E-3144-467C-BF46-F6E25E8767B0}.Debug|Any CPU.ActiveCfg = Debug|Any CPU
		{FB02AF5E-3144-467C-BF46-F6E25E8767B0}.Debug|Any CPU.Build.0 = Debug|Any CPU
		{FB02AF5E-3144-467C-BF46-F6E25E8767B0}.Debug|Any CPU.Deploy.0 = Debug|Any CPU
		{FB02AF5E-3144-467C-BF46-F6E25E8767B0}.Release|Any CPU.ActiveCfg = Release|Any CPU
		{FB02AF5E-3144-467C-BF46-F6E25E8767B0}.Release|Any CPU.Build.0 = Release|Any CPU
		{FB02AF5E-3144-467C-BF46-F6E25E8767B0}.Release|Any CPU.Deploy.0 = Release|Any CPU
	EndGlobalSection
	GlobalSection(SolutionProperties) = preSolution
		HideSolutionNode = FALSE
	EndGlobalSection
	GlobalSection(ExtensibilityGlobals) = postSolution
		SolutionGuid = {F8620CA8-355C-471A-8274-F418BE7A909B}
	EndGlobalSection
EndGlobal
